// !$*UTF8*$!
{
	archiveVersion = 1;
	classes = {
	};
	objectVersion = 46;
	objects = {

/* Begin PBXBuildFile section */
		CC16295F1739EF0800E084FB /* CompareViewController.m in Sources */ = {isa = PBXBuildFile; fileRef = CC16295E1739EF0700E084FB /* CompareViewController.m */; };
		CCCB25771728AF2B00377BA0 /* CoreLocation.framework in Frameworks */ = {isa = PBXBuildFile; fileRef = CCCB25761728AF2B00377BA0 /* CoreLocation.framework */; };
		CCCB257A1728BD5A00377BA0 /* WeatherServiceDelegate.m in Sources */ = {isa = PBXBuildFile; fileRef = CCCB25791728BD5A00377BA0 /* WeatherServiceDelegate.m */; };
		CCCB257F172B747400377BA0 /* Weather.m in Sources */ = {isa = PBXBuildFile; fileRef = CCCB257E172B747400377BA0 /* Weather.m */; };
		CCCB258F172C7BC700377BA0 /* sun_clear@2x.png in Resources */ = {isa = PBXBuildFile; fileRef = CCCB258A172C7BC700377BA0 /* sun_clear@2x.png */; };
		CCCB2590172C7BC700377BA0 /* night_clear@2x.png in Resources */ = {isa = PBXBuildFile; fileRef = CCCB258B172C7BC700377BA0 /* night_clear@2x.png */; };
		CCCB2591172C7BC700377BA0 /* sun_cloud@2x.png in Resources */ = {isa = PBXBuildFile; fileRef = CCCB258C172C7BC700377BA0 /* sun_cloud@2x.png */; };
		CCCB2592172C7BC700377BA0 /* night_cloud@2x.png in Resources */ = {isa = PBXBuildFile; fileRef = CCCB258D172C7BC700377BA0 /* night_cloud@2x.png */; };
		CCCB2593172C7BC700377BA0 /* rain@2x.png in Resources */ = {isa = PBXBuildFile; fileRef = CCCB258E172C7BC700377BA0 /* rain@2x.png */; };
		CCF2C5EE1722263600AFF6BD /* UIKit.framework in Frameworks */ = {isa = PBXBuildFile; fileRef = CCF2C5ED1722263600AFF6BD /* UIKit.framework */; };
		CCF2C5F01722263600AFF6BD /* Foundation.framework in Frameworks */ = {isa = PBXBuildFile; fileRef = CCF2C5EF1722263600AFF6BD /* Foundation.framework */; };
		CCF2C5F21722263600AFF6BD /* CoreGraphics.framework in Frameworks */ = {isa = PBXBuildFile; fileRef = CCF2C5F11722263600AFF6BD /* CoreGraphics.framework */; };
		CCF2C5F81722263600AFF6BD /* InfoPlist.strings in Resources */ = {isa = PBXBuildFile; fileRef = CCF2C5F61722263600AFF6BD /* InfoPlist.strings */; };
		CCF2C5FA1722263600AFF6BD /* main.m in Sources */ = {isa = PBXBuildFile; fileRef = CCF2C5F91722263600AFF6BD /* main.m */; };
		CCF2C5FE1722263600AFF6BD /* AppDelegate.m in Sources */ = {isa = PBXBuildFile; fileRef = CCF2C5FD1722263600AFF6BD /* AppDelegate.m */; };
		CCF2C6001722263600AFF6BD /* Default.png in Resources */ = {isa = PBXBuildFile; fileRef = CCF2C5FF1722263600AFF6BD /* Default.png */; };
		CCF2C6021722263600AFF6BD /* Default@2x.png in Resources */ = {isa = PBXBuildFile; fileRef = CCF2C6011722263600AFF6BD /* Default@2x.png */; };
		CCF2C6041722263600AFF6BD /* Default-568h@2x.png in Resources */ = {isa = PBXBuildFile; fileRef = CCF2C6031722263600AFF6BD /* Default-568h@2x.png */; };
		CCF2C6071722263600AFF6BD /* MainStoryboard.storyboard in Resources */ = {isa = PBXBuildFile; fileRef = CCF2C6051722263600AFF6BD /* MainStoryboard.storyboard */; };
		CCF2C60A1722263600AFF6BD /* ViewController.m in Sources */ = {isa = PBXBuildFile; fileRef = CCF2C6091722263600AFF6BD /* ViewController.m */; };
		CCF2C612172227B600AFF6BD /* WeatherService.m in Sources */ = {isa = PBXBuildFile; fileRef = CCF2C611172227B600AFF6BD /* WeatherService.m */; };
/* End PBXBuildFile section */

/* Begin PBXFileReference section */
		CC16295D1739EF0700E084FB /* CompareViewController.h */ = {isa = PBXFileReference; fileEncoding = 4; lastKnownFileType = sourcecode.c.h; path = CompareViewController.h; sourceTree = "<group>"; };
		CC16295E1739EF0700E084FB /* CompareViewController.m */ = {isa = PBXFileReference; fileEncoding = 4; lastKnownFileType = sourcecode.c.objc; path = CompareViewController.m; sourceTree = "<group>"; };
		CCCB25761728AF2B00377BA0 /* CoreLocation.framework */ = {isa = PBXFileReference; lastKnownFileType = wrapper.framework; name = CoreLocation.framework; path = System/Library/Frameworks/CoreLocation.framework; sourceTree = SDKROOT; };
		CCCB25781728BD5A00377BA0 /* WeatherServiceDelegate.h */ = {isa = PBXFileReference; fileEncoding = 4; lastKnownFileType = sourcecode.c.h; path = WeatherServiceDelegate.h; sourceTree = "<group>"; };
		CCCB25791728BD5A00377BA0 /* WeatherServiceDelegate.m */ = {isa = PBXFileReference; fileEncoding = 4; lastKnownFileType = sourcecode.c.objc; path = WeatherServiceDelegate.m; sourceTree = "<group>"; };
		CCCB257D172B747400377BA0 /* Weather.h */ = {isa = PBXFileReference; fileEncoding = 4; lastKnownFileType = sourcecode.c.h; path = Weather.h; sourceTree = "<group>"; };
		CCCB257E172B747400377BA0 /* Weather.m */ = {isa = PBXFileReference; fileEncoding = 4; lastKnownFileType = sourcecode.c.objc; path = Weather.m; sourceTree = "<group>"; };
		CCCB258A172C7BC700377BA0 /* sun_clear@2x.png */ = {isa = PBXFileReference; lastKnownFileType = image.png; path = "sun_clear@2x.png"; sourceTree = "<group>"; };
		CCCB258B172C7BC700377BA0 /* night_clear@2x.png */ = {isa = PBXFileReference; lastKnownFileType = image.png; path = "night_clear@2x.png"; sourceTree = "<group>"; };
		CCCB258C172C7BC700377BA0 /* sun_cloud@2x.png */ = {isa = PBXFileReference; lastKnownFileType = image.png; path = "sun_cloud@2x.png"; sourceTree = "<group>"; };
		CCCB258D172C7BC700377BA0 /* night_cloud@2x.png */ = {isa = PBXFileReference; lastKnownFileType = image.png; path = "night_cloud@2x.png"; sourceTree = "<group>"; };
		CCCB258E172C7BC700377BA0 /* rain@2x.png */ = {isa = PBXFileReference; lastKnownFileType = image.png; path = "rain@2x.png"; sourceTree = "<group>"; };
		CCF2C5EA1722263600AFF6BD /* Weather That I Understand.app */ = {isa = PBXFileReference; explicitFileType = wrapper.application; includeInIndex = 0; path = "Weather That I Understand.app"; sourceTree = BUILT_PRODUCTS_DIR; };
		CCF2C5ED1722263600AFF6BD /* UIKit.framework */ = {isa = PBXFileReference; lastKnownFileType = wrapper.framework; name = UIKit.framework; path = System/Library/Frameworks/UIKit.framework; sourceTree = SDKROOT; };
		CCF2C5EF1722263600AFF6BD /* Foundation.framework */ = {isa = PBXFileReference; lastKnownFileType = wrapper.framework; name = Foundation.framework; path = System/Library/Frameworks/Foundation.framework; sourceTree = SDKROOT; };
		CCF2C5F11722263600AFF6BD /* CoreGraphics.framework */ = {isa = PBXFileReference; lastKnownFileType = wrapper.framework; name = CoreGraphics.framework; path = System/Library/Frameworks/CoreGraphics.framework; sourceTree = SDKROOT; };
		CCF2C5F51722263600AFF6BD /* Weather That I Understand-Info.plist */ = {isa = PBXFileReference; lastKnownFileType = text.plist.xml; path = "Weather That I Understand-Info.plist"; sourceTree = "<group>"; };
		CCF2C5F71722263600AFF6BD /* en */ = {isa = PBXFileReference; lastKnownFileType = text.plist.strings; name = en; path = en.lproj/InfoPlist.strings; sourceTree = "<group>"; };
		CCF2C5F91722263600AFF6BD /* main.m */ = {isa = PBXFileReference; lastKnownFileType = sourcecode.c.objc; path = main.m; sourceTree = "<group>"; };
		CCF2C5FB1722263600AFF6BD /* Weather That I Understand-Prefix.pch */ = {isa = PBXFileReference; lastKnownFileType = sourcecode.c.h; path = "Weather That I Understand-Prefix.pch"; sourceTree = "<group>"; };
		CCF2C5FC1722263600AFF6BD /* AppDelegate.h */ = {isa = PBXFileReference; lastKnownFileType = sourcecode.c.h; path = AppDelegate.h; sourceTree = "<group>"; };
		CCF2C5FD1722263600AFF6BD /* AppDelegate.m */ = {isa = PBXFileReference; lastKnownFileType = sourcecode.c.objc; path = AppDelegate.m; sourceTree = "<group>"; };
		CCF2C5FF1722263600AFF6BD /* Default.png */ = {isa = PBXFileReference; lastKnownFileType = image.png; path = Default.png; sourceTree = "<group>"; };
		CCF2C6011722263600AFF6BD /* Default@2x.png */ = {isa = PBXFileReference; lastKnownFileType = image.png; path = "Default@2x.png"; sourceTree = "<group>"; };
		CCF2C6031722263600AFF6BD /* Default-568h@2x.png */ = {isa = PBXFileReference; lastKnownFileType = image.png; path = "Default-568h@2x.png"; sourceTree = "<group>"; };
		CCF2C6061722263600AFF6BD /* en */ = {isa = PBXFileReference; lastKnownFileType = file.storyboard; name = en; path = en.lproj/MainStoryboard.storyboard; sourceTree = "<group>"; };
		CCF2C6081722263600AFF6BD /* ViewController.h */ = {isa = PBXFileReference; lastKnownFileType = sourcecode.c.h; path = ViewController.h; sourceTree = "<group>"; };
		CCF2C6091722263600AFF6BD /* ViewController.m */ = {isa = PBXFileReference; lastKnownFileType = sourcecode.c.objc; path = ViewController.m; sourceTree = "<group>"; };
		CCF2C610172227B600AFF6BD /* WeatherService.h */ = {isa = PBXFileReference; fileEncoding = 4; lastKnownFileType = sourcecode.c.h; path = WeatherService.h; sourceTree = "<group>"; };
		CCF2C611172227B600AFF6BD /* WeatherService.m */ = {isa = PBXFileReference; fileEncoding = 4; lastKnownFileType = sourcecode.c.objc; path = WeatherService.m; sourceTree = "<group>"; };
/* End PBXFileReference section */

/* Begin PBXFrameworksBuildPhase section */
		CCF2C5E71722263600AFF6BD /* Frameworks */ = {
			isa = PBXFrameworksBuildPhase;
			buildActionMask = 2147483647;
			files = (
				CCCB25771728AF2B00377BA0 /* CoreLocation.framework in Frameworks */,
				CCF2C5EE1722263600AFF6BD /* UIKit.framework in Frameworks */,
				CCF2C5F01722263600AFF6BD /* Foundation.framework in Frameworks */,
				CCF2C5F21722263600AFF6BD /* CoreGraphics.framework in Frameworks */,
			);
			runOnlyForDeploymentPostprocessing = 0;
		};
/* End PBXFrameworksBuildPhase section */

/* Begin PBXGroup section */
		CCF2C5E11722263600AFF6BD = {
			isa = PBXGroup;
			children = (
				CCF2C5F31722263600AFF6BD /* Weather That I Understand */,
				CCF2C5EC1722263600AFF6BD /* Frameworks */,
				CCF2C5EB1722263600AFF6BD /* Products */,
			);
			sourceTree = "<group>";
		};
		CCF2C5EB1722263600AFF6BD /* Products */ = {
			isa = PBXGroup;
			children = (
				CCF2C5EA1722263600AFF6BD /* Weather That I Understand.app */,
			);
			name = Products;
			sourceTree = "<group>";
		};
		CCF2C5EC1722263600AFF6BD /* Frameworks */ = {
			isa = PBXGroup;
			children = (
				CCCB25761728AF2B00377BA0 /* CoreLocation.framework */,
				CCF2C5ED1722263600AFF6BD /* UIKit.framework */,
				CCF2C5EF1722263600AFF6BD /* Foundation.framework */,
				CCF2C5F11722263600AFF6BD /* CoreGraphics.framework */,
			);
			name = Frameworks;
			sourceTree = "<group>";
		};
		CCF2C5F31722263600AFF6BD /* Weather That I Understand */ = {
			isa = PBXGroup;
			children = (
				CC16295D1739EF0700E084FB /* CompareViewController.h */,
				CC16295E1739EF0700E084FB /* CompareViewController.m */,
				CCF2C5FC1722263600AFF6BD /* AppDelegate.h */,
				CCF2C5FD1722263600AFF6BD /* AppDelegate.m */,
				CCF2C6051722263600AFF6BD /* MainStoryboard.storyboard */,
				CCF2C6081722263600AFF6BD /* ViewController.h */,
				CCF2C6091722263600AFF6BD /* ViewController.m */,
				CCF2C5F41722263600AFF6BD /* Supporting Files */,
				CCF2C610172227B600AFF6BD /* WeatherService.h */,
				CCF2C611172227B600AFF6BD /* WeatherService.m */,
				CCCB25781728BD5A00377BA0 /* WeatherServiceDelegate.h */,
				CCCB25791728BD5A00377BA0 /* WeatherServiceDelegate.m */,
				CCCB257D172B747400377BA0 /* Weather.h */,
				CCCB257E172B747400377BA0 /* Weather.m */,
			);
			path = "Weather That I Understand";
			sourceTree = "<group>";
		};
		CCF2C5F41722263600AFF6BD /* Supporting Files */ = {
			isa = PBXGroup;
			children = (
				CCCB258A172C7BC700377BA0 /* sun_clear@2x.png */,
				CCCB258B172C7BC700377BA0 /* night_clear@2x.png */,
				CCCB258C172C7BC700377BA0 /* sun_cloud@2x.png */,
				CCCB258D172C7BC700377BA0 /* night_cloud@2x.png */,
				CCCB258E172C7BC700377BA0 /* rain@2x.png */,
				CCF2C5F51722263600AFF6BD /* Weather That I Understand-Info.plist */,
				CCF2C5F61722263600AFF6BD /* InfoPlist.strings */,
				CCF2C5F91722263600AFF6BD /* main.m */,
				CCF2C5FB1722263600AFF6BD /* Weather That I Understand-Prefix.pch */,
				CCF2C5FF1722263600AFF6BD /* Default.png */,
				CCF2C6011722263600AFF6BD /* Default@2x.png */,
				CCF2C6031722263600AFF6BD /* Default-568h@2x.png */,
			);
			name = "Supporting Files";
			sourceTree = "<group>";
		};
/* End PBXGroup section */

/* Begin PBXNativeTarget section */
		CCF2C5E91722263600AFF6BD /* Weather That I Understand */ = {
			isa = PBXNativeTarget;
			buildConfigurationList = CCF2C60D1722263600AFF6BD /* Build configuration list for PBXNativeTarget "Weather That I Understand" */;
			buildPhases = (
				CCF2C5E61722263600AFF6BD /* Sources */,
				CCF2C5E71722263600AFF6BD /* Frameworks */,
				CCF2C5E81722263600AFF6BD /* Resources */,
			);
			buildRules = (
			);
			dependencies = (
			);
			name = "Weather That I Understand";
			productName = "Weather That I Understand";
			productReference = CCF2C5EA1722263600AFF6BD /* Weather That I Understand.app */;
			productType = "com.apple.product-type.application";
		};
/* End PBXNativeTarget section */

/* Begin PBXProject section */
		CCF2C5E21722263600AFF6BD /* Project object */ = {
			isa = PBXProject;
			attributes = {
				LastUpgradeCheck = 0460;
				ORGANIZATIONNAME = "Chao Qu";
			};
			buildConfigurationList = CCF2C5E51722263600AFF6BD /* Build configuration list for PBXProject "Weather That I Understand" */;
			compatibilityVersion = "Xcode 3.2";
			developmentRegion = English;
			hasScannedForEncodings = 0;
			knownRegions = (
				en,
			);
			mainGroup = CCF2C5E11722263600AFF6BD;
			productRefGroup = CCF2C5EB1722263600AFF6BD /* Products */;
			projectDirPath = "";
			projectRoot = "";
			targets = (
				CCF2C5E91722263600AFF6BD /* Weather That I Understand */,
			);
		};
/* End PBXProject section */

/* Begin PBXResourcesBuildPhase section */
		CCF2C5E81722263600AFF6BD /* Resources */ = {
			isa = PBXResourcesBuildPhase;
			buildActionMask = 2147483647;
			files = (
				CCF2C5F81722263600AFF6BD /* InfoPlist.strings in Resources */,
				CCF2C6001722263600AFF6BD /* Default.png in Resources */,
				CCF2C6021722263600AFF6BD /* Default@2x.png in Resources */,
				CCF2C6041722263600AFF6BD /* Default-568h@2x.png in Resources */,
				CCF2C6071722263600AFF6BD /* MainStoryboard.storyboard in Resources */,
				CCCB258F172C7BC700377BA0 /* sun_clear@2x.png in Resources */,
				CCCB2590172C7BC700377BA0 /* night_clear@2x.png in Resources */,
				CCCB2591172C7BC700377BA0 /* sun_cloud@2x.png in Resources */,
				CCCB2592172C7BC700377BA0 /* night_cloud@2x.png in Resources */,
				CCCB2593172C7BC700377BA0 /* rain@2x.png in Resources */,
			);
			runOnlyForDeploymentPostprocessing = 0;
		};
/* End PBXResourcesBuildPhase section */

/* Begin PBXSourcesBuildPhase section */
		CCF2C5E61722263600AFF6BD /* Sources */ = {
			isa = PBXSourcesBuildPhase;
			buildActionMask = 2147483647;
			files = (
				CCF2C5FA1722263600AFF6BD /* main.m in Sources */,
				CCF2C5FE1722263600AFF6BD /* AppDelegate.m in Sources */,
				CCF2C60A1722263600AFF6BD /* ViewController.m in Sources */,
				CCF2C612172227B600AFF6BD /* WeatherService.m in Sources */,
				CCCB257A1728BD5A00377BA0 /* WeatherServiceDelegate.m in Sources */,
				CCCB257F172B747400377BA0 /* Weather.m in Sources */,
				CC16295F1739EF0800E084FB /* CompareViewController.m in Sources */,
			);
			runOnlyForDeploymentPostprocessing = 0;
		};
/* End PBXSourcesBuildPhase section */

/* Begin PBXVariantGroup section */
		CCF2C5F61722263600AFF6BD /* InfoPlist.strings */ = {
			isa = PBXVariantGroup;
			children = (
				CCF2C5F71722263600AFF6BD /* en */,
			);
			name = InfoPlist.strings;
			sourceTree = "<group>";
		};
		CCF2C6051722263600AFF6BD /* MainStoryboard.storyboard */ = {
			isa = PBXVariantGroup;
			children = (
				CCF2C6061722263600AFF6BD /* en */,
			);
			name = MainStoryboard.storyboard;
			sourceTree = "<group>";
		};
/* End PBXVariantGroup section */

/* Begin XCBuildConfiguration section */
		CCF2C60B1722263600AFF6BD /* Debug */ = {
			isa = XCBuildConfiguration;
			buildSettings = {
				ALWAYS_SEARCH_USER_PATHS = NO;
				CLANG_CXX_LANGUAGE_STANDARD = "gnu++0x";
				CLANG_CXX_LIBRARY = "libc++";
				CLANG_ENABLE_OBJC_ARC = YES;
				CLANG_WARN_CONSTANT_CONVERSION = YES;
				CLANG_WARN_EMPTY_BODY = YES;
				CLANG_WARN_ENUM_CONVERSION = YES;
				CLANG_WARN_INT_CONVERSION = YES;
				CLANG_WARN__DUPLICATE_METHOD_MATCH = YES;
				"CODE_SIGN_IDENTITY[sdk=iphoneos*]" = "iPhone Developer";
				COPY_PHASE_STRIP = NO;
				GCC_C_LANGUAGE_STANDARD = gnu99;
				GCC_DYNAMIC_NO_PIC = NO;
				GCC_OPTIMIZATION_LEVEL = 0;
				GCC_PREPROCESSOR_DEFINITIONS = (
					"DEBUG=1",
					"$(inherited)",
				);
				GCC_SYMBOLS_PRIVATE_EXTERN = NO;
				GCC_WARN_ABOUT_RETURN_TYPE = YES;
				GCC_WARN_UNINITIALIZED_AUTOS = YES;
				GCC_WARN_UNUSED_VARIABLE = YES;
				IPHONEOS_DEPLOYMENT_TARGET = 6.1;
				ONLY_ACTIVE_ARCH = YES;
				SDKROOT = iphoneos;
			};
			name = Debug;
		};
		CCF2C60C1722263600AFF6BD /* Release */ = {
			isa = XCBuildConfiguration;
			buildSettings = {
				ALWAYS_SEARCH_USER_PATHS = NO;
				CLANG_CXX_LANGUAGE_STANDARD = "gnu++0x";
				CLANG_CXX_LIBRARY = "libc++";
				CLANG_ENABLE_OBJC_ARC = YES;
				CLANG_WARN_CONSTANT_CONVERSION = YES;
				CLANG_WARN_EMPTY_BODY = YES;
				CLANG_WARN_ENUM_CONVERSION = YES;
				CLANG_WARN_INT_CONVERSION = YES;
				CLANG_WARN__DUPLICATE_METHOD_MATCH = YES;
				"CODE_SIGN_IDENTITY[sdk=iphoneos*]" = "iPhone Developer";
				COPY_PHASE_STRIP = YES;
				GCC_C_LANGUAGE_STANDARD = gnu99;
				GCC_WARN_ABOUT_RETURN_TYPE = YES;
				GCC_WARN_UNINITIALIZED_AUTOS = YES;
				GCC_WARN_UNUSED_VARIABLE = YES;
				IPHONEOS_DEPLOYMENT_TARGET = 6.1;
				OTHER_CFLAGS = "-DNS_BLOCK_ASSERTIONS=1";
				SDKROOT = iphoneos;
				VALIDATE_PRODUCT = YES;
			};
			name = Release;
		};
		CCF2C60E1722263600AFF6BD /* Debug */ = {
			isa = XCBuildConfiguration;
			buildSettings = {
				GCC_PRECOMPILE_PREFIX_HEADER = YES;
				GCC_PREFIX_HEADER = "Weather That I Understand/Weather That I Understand-Prefix.pch";
				INFOPLIST_FILE = "Weather That I Understand/Weather That I Understand-Info.plist";
				IPHONEOS_DEPLOYMENT_TARGET = 6.0;
				PRODUCT_NAME = "$(TARGET_NAME)";
				WRAPPER_EXTENSION = app;
			};
			name = Debug;
		};
		CCF2C60F1722263600AFF6BD /* Release */ = {
			isa = XCBuildConfiguration;
			buildSettings = {
				GCC_PRECOMPILE_PREFIX_HEADER = YES;
				GCC_PREFIX_HEADER = "Weather That I Understand/Weather That I Understand-Prefix.pch";
				INFOPLIST_FILE = "Weather That I Understand/Weather That I Understand-Info.plist";
				IPHONEOS_DEPLOYMENT_TARGET = 6.0;
				PRODUCT_NAME = "$(TARGET_NAME)";
				WRAPPER_EXTENSION = app;
			};
			name = Release;
		};
/* End XCBuildConfiguration section */

/* Begin XCConfigurationList section */
		CCF2C5E51722263600AFF6BD /* Build configuration list for PBXProject "Weather That I Understand" */ = {
			isa = XCConfigurationList;
			buildConfigurations = (
				CCF2C60B1722263600AFF6BD /* Debug */,
				CCF2C60C1722263600AFF6BD /* Release */,
			);
			defaultConfigurationIsVisible = 0;
			defaultConfigurationName = Release;
		};
		CCF2C60D1722263600AFF6BD /* Build configuration list for PBXNativeTarget "Weather That I Understand" */ = {
			isa = XCConfigurationList;
			buildConfigurations = (
				CCF2C60E1722263600AFF6BD /* Debug */,
				CCF2C60F1722263600AFF6BD /* Release */,
			);
			defaultConfigurationIsVisible = 0;
			defaultConfigurationName = Release;
		};
/* End XCConfigurationList section */
	};
	rootObject = CCF2C5E21722263600AFF6BD /* Project object */;
}
